// !$*UTF8*$!
{
	archiveVersion = 1;
	classes = {
	};
	objectVersion = 56;
	objects = {

/* Begin PBXBuildFile section */
		CD5146342C89919C0077C919 /* AppDelegate.swift in Sources */ = {isa = PBXBuildFile; fileRef = CD5146332C89919C0077C919 /* AppDelegate.swift */; };
		CD5146362C89919C0077C919 /* SceneDelegate.swift in Sources */ = {isa = PBXBuildFile; fileRef = CD5146352C89919C0077C919 /* SceneDelegate.swift */; };
		CD5146382C89919C0077C919 /* ViewController.swift in Sources */ = {isa = PBXBuildFile; fileRef = CD5146372C89919C0077C919 /* ViewController.swift */; };
		CD51463B2C89919C0077C919 /* Base in Resources */ = {isa = PBXBuildFile; fileRef = CD51463A2C89919C0077C919 /* Base */; };
		CD51463D2C89919E0077C919 /* Assets.xcassets in Resources */ = {isa = PBXBuildFile; fileRef = CD51463C2C89919E0077C919 /* Assets.xcassets */; };
		CD5146402C89919E0077C919 /* Base in Resources */ = {isa = PBXBuildFile; fileRef = CD51463F2C89919E0077C919 /* Base */; };
		CD5146552C89919E0077C919 /* AlertUITests.swift in Sources */ = {isa = PBXBuildFile; fileRef = CD5146542C89919E0077C919 /* AlertUITests.swift */; };
		CD5146572C89919E0077C919 /* AlertUITestsLaunchTests.swift in Sources */ = {isa = PBXBuildFile; fileRef = CD5146562C89919E0077C919 /* AlertUITestsLaunchTests.swift */; };
		CD5146692C89997A0077C919 /* ViewControllerTests.swift in Sources */ = {isa = PBXBuildFile; fileRef = CD5146682C89997A0077C919 /* ViewControllerTests.swift */; };
		CD51466B2C8999A30077C919 /* TestHelpers.swift in Sources */ = {isa = PBXBuildFile; fileRef = CD51466A2C8999A30077C919 /* TestHelpers.swift */; };
		CD5146712C899B440077C919 /* ViewControllerPresentationSpy.xcframework in Frameworks */ = {isa = PBXBuildFile; fileRef = CD5146702C899B440077C919 /* ViewControllerPresentationSpy.xcframework */; };
/* End PBXBuildFile section */

/* Begin PBXContainerItemProxy section */
		CD5146472C89919E0077C919 /* PBXContainerItemProxy */ = {
			isa = PBXContainerItemProxy;
			containerPortal = CD5146282C89919C0077C919 /* Project object */;
			proxyType = 1;
			remoteGlobalIDString = CD51462F2C89919C0077C919;
			remoteInfo = Alert;
		};
		CD5146512C89919E0077C919 /* PBXContainerItemProxy */ = {
			isa = PBXContainerItemProxy;
			containerPortal = CD5146282C89919C0077C919 /* Project object */;
			proxyType = 1;
			remoteGlobalIDString = CD51462F2C89919C0077C919;
			remoteInfo = Alert;
		};
/* End PBXContainerItemProxy section */

/* Begin PBXFileReference section */
		CD5146302C89919C0077C919 /* Alert.app */ = {isa = PBXFileReference; explicitFileType = wrapper.application; includeInIndex = 0; path = Alert.app; sourceTree = BUILT_PRODUCTS_DIR; };
		CD5146332C89919C0077C919 /* AppDelegate.swift */ = {isa = PBXFileReference; lastKnownFileType = sourcecode.swift; path = AppDelegate.swift; sourceTree = "<group>"; };
		CD5146352C89919C0077C919 /* SceneDelegate.swift */ = {isa = PBXFileReference; lastKnownFileType = sourcecode.swift; path = SceneDelegate.swift; sourceTree = "<group>"; };
		CD5146372C89919C0077C919 /* ViewController.swift */ = {isa = PBXFileReference; lastKnownFileType = sourcecode.swift; path = ViewController.swift; sourceTree = "<group>"; };
		CD51463A2C89919C0077C919 /* Base */ = {isa = PBXFileReference; lastKnownFileType = file.storyboard; name = Base; path = Base.lproj/Main.storyboard; sourceTree = "<group>"; };
		CD51463C2C89919E0077C919 /* Assets.xcassets */ = {isa = PBXFileReference; lastKnownFileType = folder.assetcatalog; path = Assets.xcassets; sourceTree = "<group>"; };
		CD51463F2C89919E0077C919 /* Base */ = {isa = PBXFileReference; lastKnownFileType = file.storyboard; name = Base; path = Base.lproj/LaunchScreen.storyboard; sourceTree = "<group>"; };
		CD5146412C89919E0077C919 /* Info.plist */ = {isa = PBXFileReference; lastKnownFileType = text.plist.xml; path = Info.plist; sourceTree = "<group>"; };
		CD5146462C89919E0077C919 /* AlertTests.xctest */ = {isa = PBXFileReference; explicitFileType = wrapper.cfbundle; includeInIndex = 0; path = AlertTests.xctest; sourceTree = BUILT_PRODUCTS_DIR; };
		CD5146502C89919E0077C919 /* AlertUITests.xctest */ = {isa = PBXFileReference; explicitFileType = wrapper.cfbundle; includeInIndex = 0; path = AlertUITests.xctest; sourceTree = BUILT_PRODUCTS_DIR; };
		CD5146542C89919E0077C919 /* AlertUITests.swift */ = {isa = PBXFileReference; lastKnownFileType = sourcecode.swift; path = AlertUITests.swift; sourceTree = "<group>"; };
		CD5146562C89919E0077C919 /* AlertUITestsLaunchTests.swift */ = {isa = PBXFileReference; lastKnownFileType = sourcecode.swift; path = AlertUITestsLaunchTests.swift; sourceTree = "<group>"; };
		CD5146632C8991B10077C919 /* Alert.xctestplan */ = {isa = PBXFileReference; lastKnownFileType = text; path = Alert.xctestplan; sourceTree = "<group>"; };
		CD5146682C89997A0077C919 /* ViewControllerTests.swift */ = {isa = PBXFileReference; lastKnownFileType = sourcecode.swift; path = ViewControllerTests.swift; sourceTree = "<group>"; };
		CD51466A2C8999A30077C919 /* TestHelpers.swift */ = {isa = PBXFileReference; lastKnownFileType = sourcecode.swift; path = TestHelpers.swift; sourceTree = "<group>"; };
		CD5146702C899B440077C919 /* ViewControllerPresentationSpy.xcframework */ = {isa = PBXFileReference; lastKnownFileType = wrapper.xcframework; path = ViewControllerPresentationSpy.xcframework; sourceTree = "<group>"; };
/* End PBXFileReference section */

/* Begin PBXFrameworksBuildPhase section */
		CD51462D2C89919C0077C919 /* Frameworks */ = {
			isa = PBXFrameworksBuildPhase;
			buildActionMask = 2147483647;
			files = (
			);
			runOnlyForDeploymentPostprocessing = 0;
		};
		CD5146432C89919E0077C919 /* Frameworks */ = {
			isa = PBXFrameworksBuildPhase;
			buildActionMask = 2147483647;
			files = (
				CD5146712C899B440077C919 /* ViewControllerPresentationSpy.xcframework in Frameworks */,
			);
			runOnlyForDeploymentPostprocessing = 0;
		};
		CD51464D2C89919E0077C919 /* Frameworks */ = {
			isa = PBXFrameworksBuildPhase;
			buildActionMask = 2147483647;
			files = (
			);
			runOnlyForDeploymentPostprocessing = 0;
		};
/* End PBXFrameworksBuildPhase section */

/* Begin PBXGroup section */
		CD5146272C89919C0077C919 = {
			isa = PBXGroup;
			children = (
				CD5146632C8991B10077C919 /* Alert.xctestplan */,
				CD5146322C89919C0077C919 /* Alert */,
				CD5146492C89919E0077C919 /* AlertTests */,
				CD5146532C89919E0077C919 /* AlertUITests */,
				CD5146312C89919C0077C919 /* Products */,
			);
			sourceTree = "<group>";
		};
		CD5146312C89919C0077C919 /* Products */ = {
			isa = PBXGroup;
			children = (
				CD5146302C89919C0077C919 /* Alert.app */,
				CD5146462C89919E0077C919 /* AlertTests.xctest */,
				CD5146502C89919E0077C919 /* AlertUITests.xctest */,
			);
			name = Products;
			sourceTree = "<group>";
		};
		CD5146322C89919C0077C919 /* Alert */ = {
			isa = PBXGroup;
			children = (
				CD5146332C89919C0077C919 /* AppDelegate.swift */,
				CD5146352C89919C0077C919 /* SceneDelegate.swift */,
				CD5146372C89919C0077C919 /* ViewController.swift */,
				CD5146392C89919C0077C919 /* Main.storyboard */,
				CD51463C2C89919E0077C919 /* Assets.xcassets */,
				CD51463E2C89919E0077C919 /* LaunchScreen.storyboard */,
				CD5146412C89919E0077C919 /* Info.plist */,
			);
			path = Alert;
			sourceTree = "<group>";
		};
		CD5146492C89919E0077C919 /* AlertTests */ = {
			isa = PBXGroup;
			children = (
				CD5146702C899B440077C919 /* ViewControllerPresentationSpy.xcframework */,
				CD5146682C89997A0077C919 /* ViewControllerTests.swift */,
				CD51466A2C8999A30077C919 /* TestHelpers.swift */,
			);
			path = AlertTests;
			sourceTree = "<group>";
		};
		CD5146532C89919E0077C919 /* AlertUITests */ = {
			isa = PBXGroup;
			children = (
				CD5146542C89919E0077C919 /* AlertUITests.swift */,
				CD5146562C89919E0077C919 /* AlertUITestsLaunchTests.swift */,
			);
			path = AlertUITests;
			sourceTree = "<group>";
		};
/* End PBXGroup section */

/* Begin PBXNativeTarget section */
		CD51462F2C89919C0077C919 /* Alert */ = {
			isa = PBXNativeTarget;
			buildConfigurationList = CD51465A2C89919E0077C919 /* Build configuration list for PBXNativeTarget "Alert" */;
			buildPhases = (
				CD51462C2C89919C0077C919 /* Sources */,
				CD51462D2C89919C0077C919 /* Frameworks */,
				CD51462E2C89919C0077C919 /* Resources */,
			);
			buildRules = (
			);
			dependencies = (
			);
			name = Alert;
			productName = Alert;
			productReference = CD5146302C89919C0077C919 /* Alert.app */;
			productType = "com.apple.product-type.application";
		};
		CD5146452C89919E0077C919 /* AlertTests */ = {
			isa = PBXNativeTarget;
			buildConfigurationList = CD51465D2C89919E0077C919 /* Build configuration list for PBXNativeTarget "AlertTests" */;
			buildPhases = (
				CD5146422C89919E0077C919 /* Sources */,
				CD5146432C89919E0077C919 /* Frameworks */,
				CD5146442C89919E0077C919 /* Resources */,
			);
			buildRules = (
			);
			dependencies = (
				CD5146482C89919E0077C919 /* PBXTargetDependency */,
			);
			name = AlertTests;
			productName = AlertTests;
			productReference = CD5146462C89919E0077C919 /* AlertTests.xctest */;
			productType = "com.apple.product-type.bundle.unit-test";
		};
		CD51464F2C89919E0077C919 /* AlertUITests */ = {
			isa = PBXNativeTarget;
			buildConfigurationList = CD5146602C89919E0077C919 /* Build configuration list for PBXNativeTarget "AlertUITests" */;
			buildPhases = (
				CD51464C2C89919E0077C919 /* Sources */,
				CD51464D2C89919E0077C919 /* Frameworks */,
				CD51464E2C89919E0077C919 /* Resources */,
			);
			buildRules = (
			);
			dependencies = (
				CD5146522C89919E0077C919 /* PBXTargetDependency */,
			);
			name = AlertUITests;
			productName = AlertUITests;
			productReference = CD5146502C89919E0077C919 /* AlertUITests.xctest */;
			productType = "com.apple.product-type.bundle.ui-testing";
		};
/* End PBXNativeTarget section */

/* Begin PBXProject section */
		CD5146282C89919C0077C919 /* Project object */ = {
			isa = PBXProject;
			attributes = {
				BuildIndependentTargetsInParallel = 1;
				LastSwiftUpdateCheck = 1540;
				LastUpgradeCheck = 1540;
				TargetAttributes = {
					CD51462F2C89919C0077C919 = {
						CreatedOnToolsVersion = 15.4;
					};
					CD5146452C89919E0077C919 = {
						CreatedOnToolsVersion = 15.4;
						LastSwiftMigration = 1540;
						TestTargetID = CD51462F2C89919C0077C919;
					};
					CD51464F2C89919E0077C919 = {
						CreatedOnToolsVersion = 15.4;
						TestTargetID = CD51462F2C89919C0077C919;
					};
				};
			};
			buildConfigurationList = CD51462B2C89919C0077C919 /* Build configuration list for PBXProject "Alert" */;
			compatibilityVersion = "Xcode 14.0";
			developmentRegion = en;
			hasScannedForEncodings = 0;
			knownRegions = (
				en,
				Base,
			);
			mainGroup = CD5146272C89919C0077C919;
			productRefGroup = CD5146312C89919C0077C919 /* Products */;
			projectDirPath = "";
			projectRoot = "";
			targets = (
				CD51462F2C89919C0077C919 /* Alert */,
				CD5146452C89919E0077C919 /* AlertTests */,
				CD51464F2C89919E0077C919 /* AlertUITests */,
			);
		};
/* End PBXProject section */

/* Begin PBXResourcesBuildPhase section */
		CD51462E2C89919C0077C919 /* Resources */ = {
			isa = PBXResourcesBuildPhase;
			buildActionMask = 2147483647;
			files = (
				CD51463D2C89919E0077C919 /* Assets.xcassets in Resources */,
				CD5146402C89919E0077C919 /* Base in Resources */,
				CD51463B2C89919C0077C919 /* Base in Resources */,
			);
			runOnlyForDeploymentPostprocessing = 0;
		};
		CD5146442C89919E0077C919 /* Resources */ = {
			isa = PBXResourcesBuildPhase;
			buildActionMask = 2147483647;
			files = (
			);
			runOnlyForDeploymentPostprocessing = 0;
		};
		CD51464E2C89919E0077C919 /* Resources */ = {
			isa = PBXResourcesBuildPhase;
			buildActionMask = 2147483647;
			files = (
			);
			runOnlyForDeploymentPostprocessing = 0;
		};
/* End PBXResourcesBuildPhase section */

/* Begin PBXSourcesBuildPhase section */
		CD51462C2C89919C0077C919 /* Sources */ = {
			isa = PBXSourcesBuildPhase;
			buildActionMask = 2147483647;
			files = (
				CD5146382C89919C0077C919 /* ViewController.swift in Sources */,
				CD5146342C89919C0077C919 /* AppDelegate.swift in Sources */,
				CD5146362C89919C0077C919 /* SceneDelegate.swift in Sources */,
			);
			runOnlyForDeploymentPostprocessing = 0;
		};
		CD5146422C89919E0077C919 /* Sources */ = {
			isa = PBXSourcesBuildPhase;
			buildActionMask = 2147483647;
			files = (
				CD5146692C89997A0077C919 /* ViewControllerTests.swift in Sources */,
				CD51466B2C8999A30077C919 /* TestHelpers.swift in Sources */,
			);
			runOnlyForDeploymentPostprocessing = 0;
		};
		CD51464C2C89919E0077C919 /* Sources */ = {
			isa = PBXSourcesBuildPhase;
			buildActionMask = 2147483647;
			files = (
				CD5146552C89919E0077C919 /* AlertUITests.swift in Sources */,
				CD5146572C89919E0077C919 /* AlertUITestsLaunchTests.swift in Sources */,
			);
			runOnlyForDeploymentPostprocessing = 0;
		};
/* End PBXSourcesBuildPhase section */

/* Begin PBXTargetDependency section */
		CD5146482C89919E0077C919 /* PBXTargetDependency */ = {
			isa = PBXTargetDependency;
			target = CD51462F2C89919C0077C919 /* Alert */;
			targetProxy = CD5146472C89919E0077C919 /* PBXContainerItemProxy */;
		};
		CD5146522C89919E0077C919 /* PBXTargetDependency */ = {
			isa = PBXTargetDependency;
			target = CD51462F2C89919C0077C919 /* Alert */;
			targetProxy = CD5146512C89919E0077C919 /* PBXContainerItemProxy */;
		};
/* End PBXTargetDependency section */

/* Begin PBXVariantGroup section */
		CD5146392C89919C0077C919 /* Main.storyboard */ = {
			isa = PBXVariantGroup;
			children = (
				CD51463A2C89919C0077C919 /* Base */,
			);
			name = Main.storyboard;
			sourceTree = "<group>";
		};
		CD51463E2C89919E0077C919 /* LaunchScreen.storyboard */ = {
			isa = PBXVariantGroup;
			children = (
				CD51463F2C89919E0077C919 /* Base */,
			);
			name = LaunchScreen.storyboard;
			sourceTree = "<group>";
		};
/* End PBXVariantGroup section */

/* Begin XCBuildConfiguration section */
		CD5146582C89919E0077C919 /* Debug */ = {
			isa = XCBuildConfiguration;
			buildSettings = {
				ALWAYS_SEARCH_USER_PATHS = NO;
				ASSETCATALOG_COMPILER_GENERATE_SWIFT_ASSET_SYMBOL_EXTENSIONS = YES;
				CLANG_ANALYZER_NONNULL = YES;
				CLANG_ANALYZER_NUMBER_OBJECT_CONVERSION = YES_AGGRESSIVE;
				CLANG_CXX_LANGUAGE_STANDARD = "gnu++20";
				CLANG_ENABLE_MODULES = YES;
				CLANG_ENABLE_OBJC_ARC = YES;
				CLANG_ENABLE_OBJC_WEAK = YES;
				CLANG_WARN_BLOCK_CAPTURE_AUTORELEASING = YES;
				CLANG_WARN_BOOL_CONVERSION = YES;
				CLANG_WARN_COMMA = YES;
				CLANG_WARN_CONSTANT_CONVERSION = YES;
				CLANG_WARN_DEPRECATED_OBJC_IMPLEMENTATIONS = YES;
				CLANG_WARN_DIRECT_OBJC_ISA_USAGE = YES_ERROR;
				CLANG_WARN_DOCUMENTATION_COMMENTS = YES;
				CLANG_WARN_EMPTY_BODY = YES;
				CLANG_WARN_ENUM_CONVERSION = YES;
				CLANG_WARN_INFINITE_RECURSION = YES;
				CLANG_WARN_INT_CONVERSION = YES;
				CLANG_WARN_NON_LITERAL_NULL_CONVERSION = YES;
				CLANG_WARN_OBJC_IMPLICIT_RETAIN_SELF = YES;
				CLANG_WARN_OBJC_LITERAL_CONVERSION = YES;
				CLANG_WARN_OBJC_ROOT_CLASS = YES_ERROR;
				CLANG_WARN_QUOTED_INCLUDE_IN_FRAMEWORK_HEADER = YES;
				CLANG_WARN_RANGE_LOOP_ANALYSIS = YES;
				CLANG_WARN_STRICT_PROTOTYPES = YES;
				CLANG_WARN_SUSPICIOUS_MOVE = YES;
				CLANG_WARN_UNGUARDED_AVAILABILITY = YES_AGGRESSIVE;
				CLANG_WARN_UNREACHABLE_CODE = YES;
				CLANG_WARN__DUPLICATE_METHOD_MATCH = YES;
				COPY_PHASE_STRIP = NO;
				DEBUG_INFORMATION_FORMAT = dwarf;
				ENABLE_STRICT_OBJC_MSGSEND = YES;
				ENABLE_TESTABILITY = YES;
				ENABLE_USER_SCRIPT_SANDBOXING = YES;
				GCC_C_LANGUAGE_STANDARD = gnu17;
				GCC_DYNAMIC_NO_PIC = NO;
				GCC_NO_COMMON_BLOCKS = YES;
				GCC_OPTIMIZATION_LEVEL = 0;
				GCC_PREPROCESSOR_DEFINITIONS = (
					"DEBUG=1",
					"$(inherited)",
				);
				GCC_WARN_64_TO_32_BIT_CONVERSION = YES;
				GCC_WARN_ABOUT_RETURN_TYPE = YES_ERROR;
				GCC_WARN_UNDECLARED_SELECTOR = YES;
				GCC_WARN_UNINITIALIZED_AUTOS = YES_AGGRESSIVE;
				GCC_WARN_UNUSED_FUNCTION = YES;
				GCC_WARN_UNUSED_VARIABLE = YES;
				IPHONEOS_DEPLOYMENT_TARGET = 17.5;
				LOCALIZATION_PREFERS_STRING_CATALOGS = YES;
				MTL_ENABLE_DEBUG_INFO = INCLUDE_SOURCE;
				MTL_FAST_MATH = YES;
				ONLY_ACTIVE_ARCH = YES;
				SDKROOT = iphoneos;
				SWIFT_ACTIVE_COMPILATION_CONDITIONS = "DEBUG $(inherited)";
				SWIFT_OPTIMIZATION_LEVEL = "-Onone";
			};
			name = Debug;
		};
		CD5146592C89919E0077C919 /* Release */ = {
			isa = XCBuildConfiguration;
			buildSettings = {
				ALWAYS_SEARCH_USER_PATHS = NO;
				ASSETCATALOG_COMPILER_GENERATE_SWIFT_ASSET_SYMBOL_EXTENSIONS = YES;
				CLANG_ANALYZER_NONNULL = YES;
				CLANG_ANALYZER_NUMBER_OBJECT_CONVERSION = YES_AGGRESSIVE;
				CLANG_CXX_LANGUAGE_STANDARD = "gnu++20";
				CLANG_ENABLE_MODULES = YES;
				CLANG_ENABLE_OBJC_ARC = YES;
				CLANG_ENABLE_OBJC_WEAK = YES;
				CLANG_WARN_BLOCK_CAPTURE_AUTORELEASING = YES;
				CLANG_WARN_BOOL_CONVERSION = YES;
				CLANG_WARN_COMMA = YES;
				CLANG_WARN_CONSTANT_CONVERSION = YES;
				CLANG_WARN_DEPRECATED_OBJC_IMPLEMENTATIONS = YES;
				CLANG_WARN_DIRECT_OBJC_ISA_USAGE = YES_ERROR;
				CLANG_WARN_DOCUMENTATION_COMMENTS = YES;
				CLANG_WARN_EMPTY_BODY = YES;
				CLANG_WARN_ENUM_CONVERSION = YES;
				CLANG_WARN_INFINITE_RECURSION = YES;
				CLANG_WARN_INT_CONVERSION = YES;
				CLANG_WARN_NON_LITERAL_NULL_CONVERSION = YES;
				CLANG_WARN_OBJC_IMPLICIT_RETAIN_SELF = YES;
				CLANG_WARN_OBJC_LITERAL_CONVERSION = YES;
				CLANG_WARN_OBJC_ROOT_CLASS = YES_ERROR;
				CLANG_WARN_QUOTED_INCLUDE_IN_FRAMEWORK_HEADER = YES;
				CLANG_WARN_RANGE_LOOP_ANALYSIS = YES;
				CLANG_WARN_STRICT_PROTOTYPES = YES;
				CLANG_WARN_SUSPICIOUS_MOVE = YES;
				CLANG_WARN_UNGUARDED_AVAILABILITY = YES_AGGRESSIVE;
				CLANG_WARN_UNREACHABLE_CODE = YES;
				CLANG_WARN__DUPLICATE_METHOD_MATCH = YES;
				COPY_PHASE_STRIP = NO;
				DEBUG_INFORMATION_FORMAT = "dwarf-with-dsym";
				ENABLE_NS_ASSERTIONS = NO;
				ENABLE_STRICT_OBJC_MSGSEND = YES;
				ENABLE_USER_SCRIPT_SANDBOXING = YES;
				GCC_C_LANGUAGE_STANDARD = gnu17;
				GCC_NO_COMMON_BLOCKS = YES;
				GCC_WARN_64_TO_32_BIT_CONVERSION = YES;
				GCC_WARN_ABOUT_RETURN_TYPE = YES_ERROR;
				GCC_WARN_UNDECLARED_SELECTOR = YES;
				GCC_WARN_UNINITIALIZED_AUTOS = YES_AGGRESSIVE;
				GCC_WARN_UNUSED_FUNCTION = YES;
				GCC_WARN_UNUSED_VARIABLE = YES;
				IPHONEOS_DEPLOYMENT_TARGET = 17.5;
				LOCALIZATION_PREFERS_STRING_CATALOGS = YES;
				MTL_ENABLE_DEBUG_INFO = NO;
				MTL_FAST_MATH = YES;
				SDKROOT = iphoneos;
				SWIFT_COMPILATION_MODE = wholemodule;
				VALIDATE_PRODUCT = YES;
			};
			name = Release;
		};
		CD51465B2C89919E0077C919 /* Debug */ = {
			isa = XCBuildConfiguration;
			buildSettings = {
				ASSETCATALOG_COMPILER_APPICON_NAME = AppIcon;
				ASSETCATALOG_COMPILER_GLOBAL_ACCENT_COLOR_NAME = AccentColor;
				CODE_SIGN_STYLE = Automatic;
				CURRENT_PROJECT_VERSION = 1;
				GENERATE_INFOPLIST_FILE = YES;
				INFOPLIST_FILE = Alert/Info.plist;
				INFOPLIST_KEY_UIApplicationSupportsIndirectInputEvents = YES;
				INFOPLIST_KEY_UILaunchStoryboardName = LaunchScreen;
				INFOPLIST_KEY_UIMainStoryboardFile = Main;
				INFOPLIST_KEY_UISupportedInterfaceOrientations_iPad = "UIInterfaceOrientationPortrait UIInterfaceOrientationPortraitUpsideDown UIInterfaceOrientationLandscapeLeft UIInterfaceOrientationLandscapeRight";
				INFOPLIST_KEY_UISupportedInterfaceOrientations_iPhone = "UIInterfaceOrientationPortrait UIInterfaceOrientationLandscapeLeft UIInterfaceOrientationLandscapeRight";
				LD_RUNPATH_SEARCH_PATHS = (
					"$(inherited)",
					"@executable_path/Frameworks",
				);
				MARKETING_VERSION = 1.0;
				PRODUCT_BUNDLE_IDENTIFIER = com.hanis.Alert;
				PRODUCT_NAME = "$(TARGET_NAME)";
				SWIFT_EMIT_LOC_STRINGS = YES;
				SWIFT_VERSION = 5.0;
				TARGETED_DEVICE_FAMILY = "1,2";
			};
			name = Debug;
		};
		CD51465C2C89919E0077C919 /* Release */ = {
			isa = XCBuildConfiguration;
			buildSettings = {
				ASSETCATALOG_COMPILER_APPICON_NAME = AppIcon;
				ASSETCATALOG_COMPILER_GLOBAL_ACCENT_COLOR_NAME = AccentColor;
				CODE_SIGN_STYLE = Automatic;
				CURRENT_PROJECT_VERSION = 1;
				GENERATE_INFOPLIST_FILE = YES;
				INFOPLIST_FILE = Alert/Info.plist;
				INFOPLIST_KEY_UIApplicationSupportsIndirectInputEvents = YES;
				INFOPLIST_KEY_UILaunchStoryboardName = LaunchScreen;
				INFOPLIST_KEY_UIMainStoryboardFile = Main;
				INFOPLIST_KEY_UISupportedInterfaceOrientations_iPad = "UIInterfaceOrientationPortrait UIInterfaceOrientationPortraitUpsideDown UIInterfaceOrientationLandscapeLeft UIInterfaceOrientationLandscapeRight";
				INFOPLIST_KEY_UISupportedInterfaceOrientations_iPhone = "UIInterfaceOrientationPortrait UIInterfaceOrientationLandscapeLeft UIInterfaceOrientationLandscapeRight";
				LD_RUNPATH_SEARCH_PATHS = (
					"$(inherited)",
					"@executable_path/Frameworks",
				);
				MARKETING_VERSION = 1.0;
				PRODUCT_BUNDLE_IDENTIFIER = com.hanis.Alert;
				PRODUCT_NAME = "$(TARGET_NAME)";
				SWIFT_EMIT_LOC_STRINGS = YES;
				SWIFT_VERSION = 5.0;
				TARGETED_DEVICE_FAMILY = "1,2";
			};
			name = Release;
		};
		CD51465E2C89919E0077C919 /* Debug */ = {
			isa = XCBuildConfiguration;
			buildSettings = {
				BUNDLE_LOADER = "$(TEST_HOST)";
				CLANG_ENABLE_MODULES = YES;
				CODE_SIGN_STYLE = Automatic;
				CURRENT_PROJECT_VERSION = 1;
				GENERATE_INFOPLIST_FILE = YES;
				IPHONEOS_DEPLOYMENT_TARGET = 17.5;
				MARKETING_VERSION = 1.0;
				PRODUCT_BUNDLE_IDENTIFIER = com.hanis.AlertTests;
				PRODUCT_NAME = "$(TARGET_NAME)";
				SWIFT_EMIT_LOC_STRINGS = NO;
				SWIFT_OPTIMIZATION_LEVEL = "-Onone";
				SWIFT_VERSION = 5.0;
				TARGETED_DEVICE_FAMILY = "1,2";
				TEST_HOST = "$(BUILT_PRODUCTS_DIR)/Alert.app/$(BUNDLE_EXECUTABLE_FOLDER_PATH)/Alert";
			};
			name = Debug;
		};
		CD51465F2C89919E0077C919 /* Release */ = {
			isa = XCBuildConfiguration;
			buildSettings = {
				BUNDLE_LOADER = "$(TEST_HOST)";
				CLANG_ENABLE_MODULES = YES;
				CODE_SIGN_STYLE = Automatic;
				CURRENT_PROJECT_VERSION = 1;
				GENERATE_INFOPLIST_FILE = YES;
				IPHONEOS_DEPLOYMENT_TARGET = 17.5;
				MARKETING_VERSION = 1.0;
				PRODUCT_BUNDLE_IDENTIFIER = com.hanis.AlertTests;
				PRODUCT_NAME = "$(TARGET_NAME)";
				SWIFT_EMIT_LOC_STRINGS = NO;
				SWIFT_VERSION = 5.0;
				TARGETED_DEVICE_FAMILY = "1,2";
				TEST_HOST = "$(BUILT_PRODUCTS_DIR)/Alert.app/$(BUNDLE_EXECUTABLE_FOLDER_PATH)/Alert";
			};
			name = Release;
		};
		CD5146612C89919E0077C919 /* Debug */ = {
			isa = XCBuildConfiguration;
			buildSettings = {
				ALWAYS_EMBED_SWIFT_STANDARD_LIBRARIES = YES;
				CODE_SIGN_STYLE = Automatic;
				CURRENT_PROJECT_VERSION = 1;
				GENERATE_INFOPLIST_FILE = YES;
				MARKETING_VERSION = 1.0;
				PRODUCT_BUNDLE_IDENTIFIER = com.hanis.AlertUITests;
				PRODUCT_NAME = "$(TARGET_NAME)";
				SWIFT_EMIT_LOC_STRINGS = NO;
				SWIFT_VERSION = 5.0;
				TARGETED_DEVICE_FAMILY = "1,2";
				TEST_TARGET_NAME = Alert;
			};
			name = Debug;
		};
		CD5146622C89919E0077C919 /* Release */ = {
			isa = XCBuildConfiguration;
			buildSettings = {
				ALWAYS_EMBED_SWIFT_STANDARD_LIBRARIES = YES;
				CODE_SIGN_STYLE = Automatic;
				CURRENT_PROJECT_VERSION = 1;
				GENERATE_INFOPLIST_FILE = YES;
				MARKETING_VERSION = 1.0;
				PRODUCT_BUNDLE_IDENTIFIER = com.hanis.AlertUITests;
				PRODUCT_NAME = "$(TARGET_NAME)";
				SWIFT_EMIT_LOC_STRINGS = NO;
				SWIFT_VERSION = 5.0;
				TARGETED_DEVICE_FAMILY = "1,2";
				TEST_TARGET_NAME = Alert;
			};
			name = Release;
		};
/* End XCBuildConfiguration section */

/* Begin XCConfigurationList section */
		CD51462B2C89919C0077C919 /* Build configuration list for PBXProject "Alert" */ = {
			isa = XCConfigurationList;
			buildConfigurations = (
				CD5146582C89919E0077C919 /* Debug */,
				CD5146592C89919E0077C919 /* Release */,
			);
			defaultConfigurationIsVisible = 0;
			defaultConfigurationName = Release;
		};
		CD51465A2C89919E0077C919 /* Build configuration list for PBXNativeTarget "Alert" */ = {
			isa = XCConfigurationList;
			buildConfigurations = (
				CD51465B2C89919E0077C919 /* Debug */,
				CD51465C2C89919E0077C919 /* Release */,
			);
			defaultConfigurationIsVisible = 0;
			defaultConfigurationName = Release;
		};
		CD51465D2C89919E0077C919 /* Build configuration list for PBXNativeTarget "AlertTests" */ = {
			isa = XCConfigurationList;
			buildConfigurations = (
				CD51465E2C89919E0077C919 /* Debug */,
				CD51465F2C89919E0077C919 /* Release */,
			);
			defaultConfigurationIsVisible = 0;
			defaultConfigurationName = Release;
		};
		CD5146602C89919E0077C919 /* Build configuration list for PBXNativeTarget "AlertUITests" */ = {
			isa = XCConfigurationList;
			buildConfigurations = (
				CD5146612C89919E0077C919 /* Debug */,
				CD5146622C89919E0077C919 /* Release */,
			);
			defaultConfigurationIsVisible = 0;
			defaultConfigurationName = Release;
		};
/* End XCConfigurationList section */
	};
	rootObject = CD5146282C89919C0077C919 /* Project object */;
}
